
Microsoft Visual Studio Solution File, Format Version 12.00
# Visual Studio Version 16
VisualStudioVersion = 16.0.29905.134
MinimumVisualStudioVersion = 10.0.40219.1
Project("{FAE04EC0-301F-11D3-BF4B-00C04F79EFBC}") = "HospitalProjectFrontEnd", "HospitalProjectFrontEnd\HospitalProjectFrontEnd.csproj", "{E3335883-CD8F-471E-9E9A-4A65B08CAE05}"
EndProject
Global
	GlobalSection(SolutionConfigurationPlatforms) = preSolution
		Debug|Any CPU = Debug|Any CPU
		Release|Any CPU = Release|Any CPU
	EndGlobalSection
	GlobalSection(ProjectConfigurationPlatforms) = postSolution
		{E3335883-CD8F-471E-9E9A-4A65B08CAE05}.Debug|Any CPU.ActiveCfg = Debug|Any CPU
		{E3335883-CD8F-471E-9E9A-4A65B08CAE05}.Debug|Any CPU.Build.0 = Debug|Any CPU
		{E3335883-CD8F-471E-9E9A-4A65B08CAE05}.Release|Any CPU.ActiveCfg = Release|Any CPU
		{E3335883-CD8F-471E-9E9A-4A65B08CAE05}.Release|Any CPU.Build.0 = Release|Any CPU
	EndGlobalSection
	GlobalSection(SolutionProperties) = preSolution
		HideSolutionNode = FALSE
	EndGlobalSection
	GlobalSection(ExtensibilityGlobals) = postSolution
		SolutionGuid = {F361CA56-63EF-48A1-BFE9-64EDFBC0E483}
	EndGlobalSection
EndGlobal
